
Microsoft Visual Studio Solution File, Format Version 12.00
# Visual Studio Version 17
VisualStudioVersion = 17.8.34316.72
MinimumVisualStudioVersion = 10.0.40219.1
Project("{FAE04EC0-301F-11D3-BF4B-00C04F79EFBC}") = "Dictionaries-1---Woordenboek", "Dictionaries-1---Woordenboek\Dictionaries-1---Woordenboek.csproj", "{457F24A1-2337-43F9-B6FA-6971E8404B4F}"
EndProject
Global
	GlobalSection(SolutionConfigurationPlatforms) = preSolution
		Debug|Any CPU = Debug|Any CPU
		Release|Any CPU = Release|Any CPU
	EndGlobalSection
	GlobalSection(ProjectConfigurationPlatforms) = postSolution
		{457F24A1-2337-43F9-B6FA-6971E8404B4F}.Debug|Any CPU.ActiveCfg = Debug|Any CPU
		{457F24A1-2337-43F9-B6FA-6971E8404B4F}.Debug|Any CPU.Build.0 = Debug|Any CPU
		{457F24A1-2337-43F9-B6FA-6971E8404B4F}.Release|Any CPU.ActiveCfg = Release|Any CPU
		{457F24A1-2337-43F9-B6FA-6971E8404B4F}.Release|Any CPU.Build.0 = Release|Any CPU
	EndGlobalSection
	GlobalSection(SolutionProperties) = preSolution
		HideSolutionNode = FALSE
	EndGlobalSection
	GlobalSection(ExtensibilityGlobals) = postSolution
		SolutionGuid = {465DEC39-ADBA-4319-9FC6-B57A730EA66B}
	EndGlobalSection
EndGlobal
